<?xml version="1.0" encoding="utf-8"?>
<Project ToolsVersion="4.0" xmlns="http://schemas.microsoft.com/developer/msbuild/2003">
  <ItemGroup>
    <Filter Include="Source Files">
      <UniqueIdentifier>{4FC737F1-C7A5-4376-A066-2A32D752A2FF}</UniqueIdentifier>
      <Extensions>cpp;c;cc;cxx;def;odl;idl;hpj;bat;asm;asmx</Extensions>
    </Filter>
    <Filter Include="Header Files">
      <UniqueIdentifier>{93995380-89BD-4b04-88EB-625FBE52EBFB}</UniqueIdentifier>
      <Extensions>h;hpp;hxx;hm;inl;inc;xsd</Extensions>
    </Filter>
    <Filter Include="Resource Files">
      <UniqueIdentifier>{67DA6AB6-F800-4c08-8B7A-83BB121AAD01}</UniqueIdentifier>
      <Extensions>rc;ico;cur;bmp;dlg;rc2;rct;bin;rgs;gif;jpg;jpeg;jpe;resx;tiff;tif;png;wav</Extensions>
    </Filter>
  </ItemGroup>
  <ItemGroup>
    <ClCompile Include="Sources\duplex.cpp">
      <Filter>Source Files</Filter>
    </ClCompile>
    <ClCompile Include="Sources\genKATShortMsg.cpp">
      <Filter>Source Files</Filter>
    </ClCompile>
    <ClCompile Include="Sources\Keccak-f.cpp">
      <Filter>Source Files</Filter>
    </ClCompile>
    <ClCompile Include="Sources\Keccak-f25LUT.cpp">
      <Filter>Source Files</Filter>
    </ClCompile>
    <ClCompile Include="Sources\Keccak-fAffineBases.cpp">
      <Filter>Source Files</Filter>
    </ClCompile>
    <ClCompile Include="Sources\Keccak-fCodeGen.cpp">
      <Filter>Source Files</Filter>
    </ClCompile>
    <ClCompile Include="Sources\Keccak-fDCEquations.cpp">
      <Filter>Source Files</Filter>
    </ClCompile>
    <ClCompile Include="Sources\Keccak-fDCLC.cpp">
      <Filter>Source Files</Filter>
    </ClCompile>
    <ClCompile Include="Sources\Keccak-fEquations.cpp">
      <Filter>Source Files</Filter>
    </ClCompile>
    <ClCompile Include="Sources\Keccak-fParity.cpp">
      <Filter>Source Files</Filter>
    </ClCompile>
    <ClCompile Include="Sources\Keccak-fParityBounds.cpp">
      <Filter>Source Files</Filter>
    </ClCompile>
    <ClCompile Include="Sources\Keccak-fParts.cpp">
      <Filter>Source Files</Filter>
    </ClCompile>
    <ClCompile Include="Sources\Keccak-fPropagation.cpp">
      <Filter>Source Files</Filter>
    </ClCompile>
    <ClCompile Include="Sources\Keccak-fPositions.cpp">
      <Filter>Source Files</Filter>
    </ClCompile>
    <ClCompile Include="Sources\Keccak-fState.cpp">
      <Filter>Source Files</Filter>
    </ClCompile>
    <ClCompile Include="Sources\Keccak-fTrailCore3Rounds.cpp">
      <Filter>Source Files</Filter>
    </ClCompile>
    <ClCompile Include="Sources\Keccak-fTrailCoreInKernelAtC.cpp">
      <Filter>Source Files</Filter>
    </ClCompile>
    <ClCompile Include="Sources\Keccak-fTrailCoreParity.cpp">
      <Filter>Source Files</Filter>
    </ClCompile>
    <ClCompile Include="Sources\Keccak-fTrailCoreRows.cpp">
      <Filter>Source Files</Filter>
    </ClCompile>
    <ClCompile Include="Sources\Keccak-fTrailExtension.cpp">
      <Filter>Source Files</Filter>
    </ClCompile>
    <ClCompile Include="Sources\Keccak-fTrails.cpp">
      <Filter>Source Files</Filter>
    </ClCompile>
    <ClCompile Include="Sources\Keccak.cpp">
      <Filter>Source Files</Filter>
    </ClCompile>
    <ClCompile Include="Sources\KeccakCrunchyContest.cpp">
      <Filter>Source Files</Filter>
    </ClCompile>
    <ClCompile Include="Sources\main.cpp">
      <Filter>Source Files</Filter>
    </ClCompile>
    <ClCompile Include="Sources\padding.cpp">
      <Filter>Source Files</Filter>
    </ClCompile>
    <ClCompile Include="Sources\sponge.cpp">
      <Filter>Source Files</Filter>
    </ClCompile>
    <ClCompile Include="Sources\transformations.cpp">
      <Filter>Source Files</Filter>
    </ClCompile>
    <ClCompile Include="Sources\Keccak-fDisplay.cpp">
      <Filter>Source Files</Filter>
    </ClCompile>
    <ClCompile Include="Sources\progress.cpp">
      <Filter>Source Files</Filter>
    </ClCompile>
  </ItemGroup>
  <ItemGroup>
    <ClInclude Include="Sources\duplex.h">
      <Filter>Header Files</Filter>
    </ClInclude>
    <ClInclude Include="Sources\Keccak-f.h">
      <Filter>Header Files</Filter>
    </ClInclude>
    <ClInclude Include="Sources\Keccak-f25LUT.h">
      <Filter>Header Files</Filter>
    </ClInclude>
    <ClInclude Include="Sources\Keccak-fAffineBases.h">
      <Filter>Header Files</Filter>
    </ClInclude>
    <ClInclude Include="Sources\Keccak-fCodeGen.h">
      <Filter>Header Files</Filter>
    </ClInclude>
    <ClInclude Include="Sources\Keccak-fDCEquations.h">
      <Filter>Header Files</Filter>
    </ClInclude>
    <ClInclude Include="Sources\Keccak-fDCLC.h">
      <Filter>Header Files</Filter>
    </ClInclude>
    <ClInclude Include="Sources\Keccak-fEquations.h">
      <Filter>Header Files</Filter>
    </ClInclude>
    <ClInclude Include="Sources\Keccak-fParity.h">
      <Filter>Header Files</Filter>
    </ClInclude>
    <ClInclude Include="Sources\Keccak-fParityBounds.h">
      <Filter>Header Files</Filter>
    </ClInclude>
    <ClInclude Include="Sources\Keccak-fParts.h">
      <Filter>Header Files</Filter>
    </ClInclude>
    <ClInclude Include="Sources\Keccak-fPositions.h">
      <Filter>Header Files</Filter>
    </ClInclude>
    <ClInclude Include="Sources\Keccak-fPropagation.h">
      <Filter>Header Files</Filter>
    </ClInclude>
    <ClInclude Include="Sources\Keccak-fState.h">
      <Filter>Header Files</Filter>
    </ClInclude>
    <ClInclude Include="Sources\Keccak-fTrailCore3Rounds.h">
      <Filter>Header Files</Filter>
    </ClInclude>
    <ClInclude Include="Sources\Keccak-fTrailCoreInKernelAtC.h">
      <Filter>Header Files</Filter>
    </ClInclude>
    <ClInclude Include="Sources\Keccak-fTrailCoreParity.h">
      <Filter>Header Files</Filter>
    </ClInclude>
    <ClInclude Include="Sources\Keccak-fTrailCoreRows.h">
      <Filter>Header Files</Filter>
    </ClInclude>
    <ClInclude Include="Sources\Keccak-fTrailExtension.h">
      <Filter>Header Files</Filter>
    </ClInclude>
    <ClInclude Include="Sources\Keccak-fTrails.h">
      <Filter>Header Files</Filter>
    </ClInclude>
    <ClInclude Include="Sources\Keccak.h">
      <Filter>Header Files</Filter>
    </ClInclude>
    <ClInclude Include="Sources\KeccakCrunchyContest.h">
      <Filter>Header Files</Filter>
    </ClInclude>
    <ClInclude Include="Sources\padding.h">
      <Filter>Header Files</Filter>
    </ClInclude>
    <ClInclude Include="Sources\sponge.h">
      <Filter>Header Files</Filter>
    </ClInclude>
    <ClInclude Include="Sources\transformations.h">
      <Filter>Header Files</Filter>
    </ClInclude>
    <ClInclude Include="Sources\progress.h">
      <Filter>Header Files</Filter>
    </ClInclude>
    <ClInclude Include="Sources\Keccak-fDisplay.h">
      <Filter>Header Files</Filter>
    </ClInclude>
  </ItemGroup>
</Project>